<Solution>
  <Folder Name="/BuildingBlocks/">
    <Project Path="BuildingBlocks/Contracts/Contracts.csproj" Id="e20cddf6-558c-4719-b293-b40fb3ab4e09" />
    <Project Path="BuildingBlocks/Shared/Shared.csproj" Id="8d37bd8e-d692-43f1-98c5-beb95aad8b55" />
    <Project Path="BuildingBlocks/SharedKernel/SharedKernel.csproj" Id="3df026ed-d6f2-493c-b537-435e019c9932" />
  </Folder>
  <Folder Name="/Core/">
    <Project Path="Core/Domain/Domain.csproj" />
    <Project Path="Core/Service/Service.csproj" />
    <Project Path="Service.Abstraction/Service.Abstraction.csproj" />
  </Folder>
  <Folder Name="/Infrastructure/">
    <Project Path="Infrastructure/Persistance/Persistance.csproj" />
    <Project Path="Persentation/Persentation.csproj" />
  </Folder>
  <Folder Name="/Modules/" />
  <Folder Name="/Modules/Debt/">
    <Project Path="Modules/Debt/Domain/Domain.csproj" Id="949634b7-0aeb-42fa-8624-e195b2571d7f" />
  </Folder>
  <Folder Name="/Modules/Finance/">
    <Project Path="Modules/Finance/Application/Application.csproj" Id="70302f3c-ee40-4d2a-aff5-b20e3aca755d" />
    <Project Path="Modules/Finance/Domain/Domain.csproj" Id="5f227677-fe20-4c4d-8564-7cc9184902cd" />
    <Project Path="Modules/Finance/Infrastructure/Infrastructure.csproj" Id="33a5c71b-9ae2-405a-b8e6-49abb8762f24" />
    <Project Path="Modules/Finance/Presentation/Presentation.csproj" Id="f419aafa-38a6-4482-90cb-f7c5b8b084c6" />
  </Folder>
  <Folder Name="/Modules/StorePlant/">
    <Project Path="Modules/StorePlant/Domain/Domain.csproj" Id="0512a018-4559-4612-a303-ba085f9284f5" />
  </Folder>
  <Folder Name="/Modules/TaskManagement/">
    <Project Path="Modules/Infrastructure/Infrastructure.csproj" Id="7e8ed4e0-55af-4116-9acc-e55ee5df6a88" />
    <Project Path="Modules/TaskManagement/Application/Application.csproj" Id="29762547-2c12-46b1-9452-0ff03447b0ac" />
    <Project Path="Modules/TaskManagement/Domain/TaskDomain.csproj" Id="9a49da7e-f3c2-42d5-8e03-6d2405224978" />
    <Project Path="Modules/TaskManagement/Presentation/Presentation.csproj" Id="3ac937c4-4b8b-468c-b1da-5bfc0a2748e0" />
  </Folder>
  <Folder Name="/Modules/TimeTracking/">
    <Project Path="Modules/TimeTracking/Application/Application.csproj" Id="7bce6d00-1423-4e6f-adec-47341297aca2" />
    <Project Path="Modules/TimeTracking/Domain/Domain.csproj" Id="f409c7e9-7105-406a-9c51-72ca864f9c3e" />
    <Project Path="Modules/TimeTracking/Infrastructure/Infrastructure.csproj" Id="70994b30-45ca-4510-9b01-d20e1a8146a0" />
    <Project Path="Modules/TimeTracking/Presentation/Presentation.csproj" Id="40533f58-3287-427f-8718-1edd2e29f0ce" />
  </Folder>
  <Folder Name="/Modules/UserIdentity/">
    <Project Path="Modules/UserIdentity/Application/Application.csproj" Id="b92b9924-afd2-4fc7-b8f9-decdcac7dee3" />
    <Project Path="Modules/UserIdentity/Domain/Domain.csproj" Id="8c69139a-7217-43ee-a005-42747aa67117" />
    <Project Path="Modules/UserIdentity/Infrastructure/UserIdentityInfrastructure.csproj" Id="28f70348-d250-4311-b64d-31130b0599f8" />
    <Project Path="Modules/UserIdentity/Presentation/Presentation.csproj" Id="09302e64-9f82-4703-980c-729af6e0e03b" />
  </Folder>
  <Project Path="Shared/Shared.csproj" />
  <Project Path="Sunbula/Sunbula.csproj" />
</Solution>
