<Solution>
  <Folder Name="/BuildingBlocks/">
    <Project Path="D:/Project/Project Graduation/SunbulaGraduationProject/BuildingBlocks/Contracts/Contracts.csproj" Id="e20cddf6-558c-4719-b293-b40fb3ab4e09" />
    <Project Path="D:/Project/Project Graduation/SunbulaGraduationProject/BuildingBlocks/Shared/Shared.csproj" Id="8d37bd8e-d692-43f1-98c5-beb95aad8b55" />
    <Project Path="D:/Project/Project Graduation/SunbulaGraduationProject/BuildingBlocks/SharedKernel/SharedKernel.csproj" Id="3df026ed-d6f2-493c-b537-435e019c9932" />
  </Folder>
  <Folder Name="/Core/">
    <Project Path="D:/Project/Project Graduation/SunbulaGraduationProject/Core/Domain/Domain.csproj" />
    <Project Path="D:/Project/Project Graduation/SunbulaGraduationProject/Core/Service/Service.csproj" />
    <Project Path="D:/Project/Project Graduation/SunbulaGraduationProject/Service.Abstraction/Service.Abstraction.csproj" />
  </Folder>
  <Folder Name="/Infrastructure/">
    <Project Path="D:/Project/Project Graduation/SunbulaGraduationProject/Infrastructure/Persistance/Persistance.csproj" />
    <Project Path="D:/Project/Project Graduation/SunbulaGraduationProject/Persentation/Persentation.csproj" />
  </Folder>
  <Folder Name="/Modules/" />
  <Folder Name="/Modules/Debt/">
    <Project Path="D:/Project/Project Graduation/SunbulaGraduationProject/Modules/Debt/Application/Application.csproj" Id="09d966aa-dda0-4f3f-9c36-6d6410e3a1eb" />
    <Project Path="D:/Project/Project Graduation/SunbulaGraduationProject/Modules/Debt/DebtInfrastructure/DebtInfrastructure.csproj" Id="6d5fcdec-a407-4886-a0a2-96adff03f71f" />
    <Project Path="D:/Project/Project Graduation/SunbulaGraduationProject/Modules/Debt/Domain/DebtDomain.csproj" Id="949634b7-0aeb-42fa-8624-e195b2571d7f" />
    <Project Path="D:/Project/Project Graduation/SunbulaGraduationProject/Presentation/Presentation.csproj" Id="f4d700b9-c3a7-4af6-89bd-558cff8114e5" />
  </Folder>
  <Folder Name="/Modules/Finance/">
    <Project Path="D:/Project/Project Graduation/SunbulaGraduationProject/Modules/Finance/Application/FinanceApplication.csproj" Id="70302f3c-ee40-4d2a-aff5-b20e3aca755d" />
    <Project Path="D:/Project/Project Graduation/SunbulaGraduationProject/Modules/Finance/Domain/FinanceDomain.csproj" Id="5f227677-fe20-4c4d-8564-7cc9184902cd" />
    <Project Path="D:/Project/Project Graduation/SunbulaGraduationProject/Modules/Finance/Infrastructure/FinanceInfrastructure.csproj" Id="33a5c71b-9ae2-405a-b8e6-49abb8762f24" />
    <Project Path="D:/Project/Project Graduation/SunbulaGraduationProject/Modules/Finance/Presentation/FinancePresentation.csproj" Id="f419aafa-38a6-4482-90cb-f7c5b8b084c6" />
  </Folder>
  <Folder Name="/Modules/StorePlant/">
    <Project Path="D:/Project/Project Graduation/SunbulaGraduationProject/Modules/StorePlant/Application/PlantApplication.csproj" Id="f0abcbbf-e116-4ba1-b457-374130b45e7f" />
    <Project Path="D:/Project/Project Graduation/SunbulaGraduationProject/Modules/StorePlant/Domain/PlantDomain.csproj" Id="0512a018-4559-4612-a303-ba085f9284f5" />
    <Project Path="D:/Project/Project Graduation/SunbulaGraduationProject/Modules/StorePlant/PlantInfrastructure/PlantInfrastructure.csproj" Id="69654974-9958-475f-aadb-989e2d28a7ce" />
    <Project Path="D:/Project/Project Graduation/SunbulaGraduationProject/Modules/StorePlant/PlantPresentation/PlantPresentation.csproj" Id="92af1ff3-19d5-4894-b226-745d44de0ca6" />
  </Folder>
  <Folder Name="/Modules/TaskManagement/">
    <Project Path="D:/Project/Project Graduation/SunbulaGraduationProject/Modules/TaskManagement/Application/Application.csproj" Id="29762547-2c12-46b1-9452-0ff03447b0ac" />
    <Project Path="D:/Project/Project Graduation/SunbulaGraduationProject/Modules/TaskManagement/Domain/TaskDomain.csproj" Id="9a49da7e-f3c2-42d5-8e03-6d2405224978" />
    <Project Path="D:/Project/Project Graduation/SunbulaGraduationProject/Modules/TaskManagement/Presentation/Presentation.csproj" Id="3ac937c4-4b8b-468c-b1da-5bfc0a2748e0" />
    <Project Path="D:/Project/Project Graduation/SunbulaGraduationProject/Modules/TaskManagement/TaskInfrastructure/TaskInfrastructure.csproj" Id="a1b2c3d4-e5f6-7890-abcd-ef1234567890" />
  </Folder>
  <Folder Name="/Modules/TimeTracking/">
    <Project Path="D:/Project/Project Graduation/SunbulaGraduationProject/Modules/TimeTracking/Application/TimeTrackingApplication.csproj" Id="7bce6d00-1423-4e6f-adec-47341297aca2" />
    <Project Path="D:/Project/Project Graduation/SunbulaGraduationProject/Modules/TimeTracking/Domain/TimeTrackingDomain.csproj" Id="f409c7e9-7105-406a-9c51-72ca864f9c3e" />
    <Project Path="D:/Project/Project Graduation/SunbulaGraduationProject/Modules/TimeTracking/Infrastructure/TimeTrackingInfrastructure.csproj" Id="70994b30-45ca-4510-9b01-d20e1a8146a0" />
    <Project Path="D:/Project/Project Graduation/SunbulaGraduationProject/Modules/TimeTracking/Presentation/TimeTrackingPresentation.csproj" Id="40533f58-3287-427f-8718-1edd2e29f0ce" />
  </Folder>
  <Folder Name="/Modules/UserIdentity/">
    <Project Path="D:/Project/Project Graduation/SunbulaGraduationProject/Modules/UserIdentity/Application/Application.csproj" Id="b92b9924-afd2-4fc7-b8f9-decdcac7dee3" />
    <Project Path="D:/Project/Project Graduation/SunbulaGraduationProject/Modules/UserIdentity/Domain/Domain.csproj" Id="8c69139a-7217-43ee-a005-42747aa67117" />
    <Project Path="D:/Project/Project Graduation/SunbulaGraduationProject/Modules/UserIdentity/Infrastructure/UserIdentityInfrastructure.csproj" Id="28f70348-d250-4311-b64d-31130b0599f8" />
    <Project Path="D:/Project/Project Graduation/SunbulaGraduationProject/Modules/UserIdentity/Presentation/Presentation.csproj" Id="09302e64-9f82-4703-980c-729af6e0e03b" />
  </Folder>
  <Project Path="D:/Project/Project Graduation/SunbulaGraduationProject/Shared/Shared.csproj" />
  <Project Path="D:/Project/Project Graduation/SunbulaGraduationProject/Sunbula/Sunbula.csproj" />
</Solution>
